
Microsoft Visual Studio Solution File, Format Version 12.00
# Visual Studio Version 16
VisualStudioVersion = 16.0.30523.141
MinimumVisualStudioVersion = 10.0.40219.1
Project("{FAE04EC0-301F-11D3-BF4B-00C04F79EFBC}") = "OtherLoader", "OtherLoader\OtherLoader.csproj", "{2E863F36-AC8A-4225-8B7A-65AD4304022D}"
EndProject
Project("{FAE04EC0-301F-11D3-BF4B-00C04F79EFBC}") = "Newtonsoft.Json", "Newtonsoft.Json\Src\Newtonsoft.Json\Newtonsoft.Json.csproj", "{54F75BD7-2913-4C7C-B8A0-FA354CD91B7D}"
EndProject
Global
	GlobalSection(SolutionConfigurationPlatforms) = preSolution
		Debug|Any CPU = Debug|Any CPU
		Release|Any CPU = Release|Any CPU
	EndGlobalSection
	GlobalSection(ProjectConfigurationPlatforms) = postSolution
		{2E863F36-AC8A-4225-8B7A-65AD4304022D}.Debug|Any CPU.ActiveCfg = Debug|Any CPU
		{2E863F36-AC8A-4225-8B7A-65AD4304022D}.Debug|Any CPU.Build.0 = Debug|Any CPU
		{2E863F36-AC8A-4225-8B7A-65AD4304022D}.Release|Any CPU.ActiveCfg = Release|Any CPU
		{2E863F36-AC8A-4225-8B7A-65AD4304022D}.Release|Any CPU.Build.0 = Release|Any CPU
		{54F75BD7-2913-4C7C-B8A0-FA354CD91B7D}.Debug|Any CPU.ActiveCfg = Debug|Any CPU
		{54F75BD7-2913-4C7C-B8A0-FA354CD91B7D}.Debug|Any CPU.Build.0 = Debug|Any CPU
		{54F75BD7-2913-4C7C-B8A0-FA354CD91B7D}.Release|Any CPU.ActiveCfg = Release|Any CPU
		{54F75BD7-2913-4C7C-B8A0-FA354CD91B7D}.Release|Any CPU.Build.0 = Release|Any CPU
	EndGlobalSection
	GlobalSection(SolutionProperties) = preSolution
		HideSolutionNode = FALSE
	EndGlobalSection
	GlobalSection(ExtensibilityGlobals) = postSolution
		SolutionGuid = {75C63A43-6AB4-48FD-A8BF-E419F1B8108E}
	EndGlobalSection
EndGlobal
